# This file is generated by running "yarn install" inside your project.
# Manual changes might be lost - proceed with caution!

__metadata:
  version: 9
  cacheKey: 10c0

"@one-ini/wasm@npm:0.2.1":
  version: 0.2.1
  resolution: "@one-ini/wasm@npm:0.2.1"
  checksum: 10c0/6bc49c43b757bc53786f655845b3af0676348ca910d07d1adb1b56e174faf9149fb3453f3e3fed02b3de4c400367e597cb58b6b7d3590a52289e97faf99fc37f
  languageName: node
  linkType: hard

"@types/node@npm:^25.6.0":
  version: 25.6.0
  resolution: "@types/node@npm:25.6.0"
  dependencies:
    undici-types: "npm:~7.19.0"
  checksum: 10c0/d2d2015630ff098a201407f55f5077a20270ae4f465c739b40865cd9933b91b9c5d2b85568eadaf3db0801b91e267333ca7eb39f007428b173d1cdab4b339ac5
  languageName: node
  linkType: hard

"balanced-match@npm:^4.0.2":
  version: 4.0.4
  resolution: "balanced-match@npm:4.0.4"
  checksum: 10c0/07e86102a3eb2ee2a6a1a89164f29d0dbaebd28f2ca3f5ca786f36b8b23d9e417eb3be45a4acf754f837be5ac0a2317de90d3fcb7f4f4dc95720a1f36b26a17b
  languageName: node
  linkType: hard

"brace-expansion@npm:^5.0.5":
  version: 5.0.5
  resolution: "brace-expansion@npm:5.0.5"
  dependencies:
    balanced-match: "npm:^4.0.2"
  checksum: 10c0/4d238e14ed4f5cc9c07285550a41cef23121ca08ba99fa9eb5b55b580dcb6bf868b8210aa10526bdc9f8dc97f33ca2a7259039c4cc131a93042beddb424c48e3
  languageName: node
  linkType: hard

"chalk@npm:^5.6.2":
  version: 5.6.2
  resolution: "chalk@npm:5.6.2"
  checksum: 10c0/99a4b0f0e7991796b1e7e3f52dceb9137cae2a9dfc8fc0784a550dc4c558e15ab32ed70b14b21b52beb2679b4892b41a0aa44249bcb996f01e125d58477c6976
  languageName: node
  linkType: hard

"commander@npm:^14.0.3":
  version: 14.0.3
  resolution: "commander@npm:14.0.3"
  checksum: 10c0/755652564bbf56ff2ff083313912b326450d3f8d8c85f4b71416539c9a05c3c67dbd206821ca72635bf6b160e2afdefcb458e86b317827d5cb333b69ce7f1a24
  languageName: node
  linkType: hard

"editorconfig@npm:^3.0.2":
  version: 3.0.2
  resolution: "editorconfig@npm:3.0.2"
  dependencies:
    "@one-ini/wasm": "npm:0.2.1"
    commander: "npm:^14.0.3"
    minimatch: "npm:~10.2.4"
    semver: "npm:^7.7.4"
  bin:
    editorconfig: bin/editorconfig
  checksum: 10c0/22b4594adc4e5832c88c0926adb1dcd289351edb9c2b0bd68ecf56ad107bf3741ab407aa44999e503889d62e38519d42ca38aae183e4ffc0b5fd94cebdd73d08
  languageName: node
  linkType: hard

"minimatch@npm:~10.2.4":
  version: 10.2.5
  resolution: "minimatch@npm:10.2.5"
  dependencies:
    brace-expansion: "npm:^5.0.5"
  checksum: 10c0/6bb058bd6324104b9ec2f763476a35386d05079c1f5fe4fbf1f324a25237cd4534d6813ecd71f48208f4e635c1221899bef94c3c89f7df55698fe373aaae20fd
  languageName: node
  linkType: hard

"organize-imports-cli@workspace:.":
  version: 0.0.0-use.local
  resolution: "organize-imports-cli@workspace:."
  dependencies:
    "@types/node": "npm:^25.6.0"
    chalk: "npm:^5.6.2"
    editorconfig: "npm:^3.0.2"
    typescript: "npm:^6.0.3"
  bin:
    organize-imports-cli: ./cli.js
  languageName: unknown
  linkType: soft

"semver@npm:^7.7.4":
  version: 7.7.4
  resolution: "semver@npm:7.7.4"
  bin:
    semver: bin/semver.js
  checksum: 10c0/5215ad0234e2845d4ea5bb9d836d42b03499546ddafb12075566899fc617f68794bb6f146076b6881d755de17d6c6cc73372555879ec7dce2c2feee947866ad2
  languageName: node
  linkType: hard

"typescript@npm:^6.0.3":
  version: 6.0.3
  resolution: "typescript@npm:6.0.3"
  bin:
    tsc: bin/tsc
    tsserver: bin/tsserver
  checksum: 10c0/4a25ff5045b984370f48f196b3a0120779b1b343d40b9a68d114ea5e5fff099809b2bb777576991a63a5cd59cf7bffd96ff6fe10afcefbcb8bd6fb96ad4b6606
  languageName: node
  linkType: hard

"typescript@patch:typescript@npm%3A^6.0.3#optional!builtin<compat/typescript>":
  version: 6.0.3
  resolution: "typescript@patch:typescript@npm%3A6.0.3#optional!builtin<compat/typescript>::version=6.0.3&hash=5786d5"
  bin:
    tsc: bin/tsc
    tsserver: bin/tsserver
  checksum: 10c0/2f25c74e65663c248fa1ade2b8459d9ce5372ff9dad07067310f132966ebec1d93f6c42f0baf77a6b6a7a91460463f708e6887013aaade22111037457c6b25df
  languageName: node
  linkType: hard

"undici-types@npm:~7.19.0":
  version: 7.19.2
  resolution: "undici-types@npm:7.19.2"
  checksum: 10c0/7159f10546f9f6c47d36776bb1bbf8671e87c1e587a6fee84ae1f111ae8de4f914efa8ca0dfcd224f4f4a9dfc3f6028f627ccb5ddaccf82d7fd54671b89fac3e
  languageName: node
  linkType: hard
